{
    "version": 3,
    "terraform_version": "0.11.2",
    "serial": 26,
    "lineage": "d21193da-479c-4a8c-a900-43c950eeae79",
    "modules": [
        {
            "path": [
                "root"
            ],
            "outputs": {},
            "resources": {
                "aws_ami_from_instance.wp_golden": {
                    "type": "aws_ami_from_instance",
                    "depends_on": [
                        "aws_instance.wp_dev",
                        "aws_s3_bucket.code",
                        "random_id.golden_ami"
                    ],
                    "primary": {
                        "id": "ami-0259ac6a2f6c4f6f4",
                        "attributes": {
                            "architecture": "x86_64",
                            "description": "",
                            "ebs_block_device.#": "1",
                            "ebs_block_device.2845200938.delete_on_termination": "true",
                            "ebs_block_device.2845200938.device_name": "/dev/xvda",
                            "ebs_block_device.2845200938.encrypted": "false",
                            "ebs_block_device.2845200938.iops": "0",
                            "ebs_block_device.2845200938.snapshot_id": "snap-08deda4f45201ae69",
                            "ebs_block_device.2845200938.volume_size": "8",
                            "ebs_block_device.2845200938.volume_type": "gp2",
                            "ephemeral_block_device.#": "0",
                            "id": "ami-0259ac6a2f6c4f6f4",
                            "image_location": "023091763082/wp_ami-kGGH",
                            "kernel_id": "",
                            "manage_ebs_snapshots": "true",
                            "name": "wp_ami-kGGH",
                            "ramdisk_id": "",
                            "root_device_name": "/dev/xvda",
                            "root_snapshot_id": "snap-08deda4f45201ae69",
                            "source_instance_id": "i-07f7301a1cc95eb61",
                            "sriov_net_support": "simple",
                            "tags.%": "0",
                            "virtualization_type": "hvm"
                        },
                        "meta": {
                            "e2bfb730-ecaa-11e6-8f88-34363bc7c4c0": {
                                "create": 2400000000000,
                                "delete": 5400000000000,
                                "update": 2400000000000
                            }
                        },
                        "tainted": false
                    },
                    "deposed": [],
                    "provider": "provider.aws"
                },
                "aws_autoscaling_group.wp_asg": {
                    "type": "aws_autoscaling_group",
                    "depends_on": [
                        "aws_elb.wp_elb",
                        "aws_launch_configuration.wp_lc",
                        "aws_subnet.wp_private1_subnet",
                        "aws_subnet.wp_private2_subnet"
                    ],
                    "primary": {
                        "id": "asg-wp_lc20190909003942703900000001",
                        "attributes": {
                            "arn": "arn:aws:autoscaling:us-east-1:023091763082:autoScalingGroup:c8a6736f-54d3-481a-8426-bc5d669148ff:autoScalingGroupName/asg-wp_lc20190909003942703900000001",
                            "availability_zones.#": "2",
                            "availability_zones.1305112097": "us-east-1b",
                            "availability_zones.3569565595": "us-east-1a",
                            "default_cooldown": "300",
                            "desired_capacity": "2",
                            "enabled_metrics.#": "0",
                            "force_delete": "true",
                            "health_check_grace_period": "300",
                            "health_check_type": "EC2",
                            "id": "asg-wp_lc20190909003942703900000001",
                            "launch_configuration": "wp_lc20190909003942703900000001",
                            "load_balancers.#": "1",
                            "load_balancers.3397941426": "cloudsloud-elb",
                            "max_size": "2",
                            "metrics_granularity": "1Minute",
                            "min_size": "1",
                            "name": "asg-wp_lc20190909003942703900000001",
                            "placement_group": "",
                            "protect_from_scale_in": "false",
                            "service_linked_role_arn": "arn:aws:iam::023091763082:role/aws-service-role/autoscaling.amazonaws.com/AWSServiceRoleForAutoScaling",
                            "suspended_processes.#": "0",
                            "tag.#": "1",
                            "tag.673706737.key": "Name",
                            "tag.673706737.propagate_at_launch": "true",
                            "tag.673706737.value": "wp_asg-instance",
                            "target_group_arns.#": "0",
                            "termination_policies.#": "0",
                            "vpc_zone_identifier.#": "2",
                            "vpc_zone_identifier.2168548911": "subnet-0f4d77b81b390eaeb",
                            "vpc_zone_identifier.2756751730": "subnet-0ee4cb0b5772ffcde",
                            "wait_for_capacity_timeout": "10m"
                        },
                        "meta": {
                            "e2bfb730-ecaa-11e6-8f88-34363bc7c4c0": {
                                "delete": 600000000000
                            }
                        },
                        "tainted": false
                    },
                    "deposed": [],
                    "provider": "provider.aws"
                },
                "aws_db_instance.wp_db": {
                    "type": "aws_db_instance",
                    "depends_on": [
                        "aws_db_subnet_group.wp_rds_subnetgroup",
                        "aws_security_group.wp_rds_sg"
                    ],
                    "primary": {
                        "id": "terraform-20190908233159521400000001",
                        "attributes": {
                            "address": "terraform-20190908233159521400000001.caak0ggnmj9i.us-east-1.rds.amazonaws.com",
                            "allocated_storage": "10",
                            "arn": "arn:aws:rds:us-east-1:023091763082:db:terraform-20190908233159521400000001",
                            "auto_minor_version_upgrade": "true",
                            "availability_zone": "us-east-1a",
                            "backup_retention_period": "0",
                            "backup_window": "07:27-07:57",
                            "ca_cert_identifier": "rds-ca-2015",
                            "copy_tags_to_snapshot": "false",
                            "db_subnet_group_name": "wp_rds_subnetgroup",
                            "endpoint": "terraform-20190908233159521400000001.caak0ggnmj9i.us-east-1.rds.amazonaws.com:3306",
                            "engine": "mysql",
                            "engine_version": "5.6.41",
                            "hosted_zone_id": "Z2R2ITUGPM61AM",
                            "iam_database_authentication_enabled": "false",
                            "id": "terraform-20190908233159521400000001",
                            "identifier": "terraform-20190908233159521400000001",
                            "instance_class": "db.t2.micro",
                            "iops": "0",
                            "kms_key_id": "",
                            "license_model": "general-public-license",
                            "maintenance_window": "tue:08:31-tue:09:01",
                            "monitoring_interval": "0",
                            "multi_az": "false",
                            "name": "bhusandb",
                            "option_group_name": "default:mysql-5-6",
                            "parameter_group_name": "default.mysql5.6",
                            "password": "bhusansept",
                            "port": "3306",
                            "publicly_accessible": "false",
                            "replicas.#": "0",
                            "replicate_source_db": "",
                            "resource_id": "db-T73TJJEYZLHMWFGS5OFXTBQ6MI",
                            "security_group_names.#": "0",
                            "skip_final_snapshot": "true",
                            "status": "available",
                            "storage_encrypted": "false",
                            "storage_type": "gp2",
                            "tags.%": "0",
                            "timezone": "",
                            "username": "bhusan",
                            "vpc_security_group_ids.#": "1",
                            "vpc_security_group_ids.1074442208": "sg-0b807820a1e4dde8a"
                        },
                        "meta": {
                            "e2bfb730-ecaa-11e6-8f88-34363bc7c4c0": {
                                "create": 2400000000000,
                                "delete": 2400000000000,
                                "update": 4800000000000
                            }
                        },
                        "tainted": false
                    },
                    "deposed": [],
                    "provider": "provider.aws"
                },
                "aws_db_subnet_group.wp_rds_subnetgroup": {
                    "type": "aws_db_subnet_group",
                    "depends_on": [
                        "aws_subnet.wp_rds1_subnet",
                        "aws_subnet.wp_rds2_subnet",
                        "aws_subnet.wp_rds3_subnet"
                    ],
                    "primary": {
                        "id": "wp_rds_subnetgroup",
                        "attributes": {
                            "arn": "arn:aws:rds:us-east-1:023091763082:subgrp:wp_rds_subnetgroup",
                            "description": "Managed by Terraform",
                            "id": "wp_rds_subnetgroup",
                            "name": "wp_rds_subnetgroup",
                            "subnet_ids.#": "3",
                            "subnet_ids.116007037": "subnet-010c4690d4baabdaf",
                            "subnet_ids.1318795197": "subnet-04562ac273b981390",
                            "subnet_ids.2519119758": "subnet-0d4a3b1ecfbff1491",
                            "tags.%": "1",
                            "tags.Name": "wp_rds_sng"
                        },
                        "meta": {},
                        "tainted": false
                    },
                    "deposed": [],
                    "provider": "provider.aws"
                },
                "aws_default_route_table.wp_private_rt": {
                    "type": "aws_default_route_table",
                    "depends_on": [
                        "aws_vpc.wp_vpc"
                    ],
                    "primary": {
                        "id": "rtb-04cd389c199533817",
                        "attributes": {
                            "default_route_table_id": "rtb-04cd389c199533817",
                            "id": "rtb-04cd389c199533817",
                            "propagating_vgws.#": "0",
                            "route.#": "0",
                            "tags.%": "1",
                            "tags.Name": "wp_public",
                            "vpc_id": "vpc-02d34eaf3042a672d"
                        },
                        "meta": {},
                        "tainted": false
                    },
                    "deposed": [],
                    "provider": "provider.aws"
                },
                "aws_elb.wp_elb": {
                    "type": "aws_elb",
                    "depends_on": [
                        "aws_security_group.wp_public_sg",
                        "aws_subnet.wp_public1_subnet",
                        "aws_subnet.wp_public2_subnet"
                    ],
                    "primary": {
                        "id": "cloudsloud-elb",
                        "attributes": {
                            "access_logs.#": "0",
                            "arn": "arn:aws:elasticloadbalancing:us-east-1:023091763082:loadbalancer/cloudsloud-elb",
                            "availability_zones.#": "2",
                            "availability_zones.1305112097": "us-east-1b",
                            "availability_zones.3569565595": "us-east-1a",
                            "connection_draining": "true",
                            "connection_draining_timeout": "400",
                            "cross_zone_load_balancing": "true",
                            "dns_name": "cloudsloud-elb-1476891591.us-east-1.elb.amazonaws.com",
                            "health_check.#": "1",
                            "health_check.0.healthy_threshold": "2",
                            "health_check.0.interval": "30",
                            "health_check.0.target": "TCP:80",
                            "health_check.0.timeout": "3",
                            "health_check.0.unhealthy_threshold": "2",
                            "id": "cloudsloud-elb",
                            "idle_timeout": "400",
                            "instances.#": "0",
                            "internal": "false",
                            "listener.#": "1",
                            "listener.3057123346.instance_port": "80",
                            "listener.3057123346.instance_protocol": "http",
                            "listener.3057123346.lb_port": "80",
                            "listener.3057123346.lb_protocol": "http",
                            "listener.3057123346.ssl_certificate_id": "",
                            "name": "cloudsloud-elb",
                            "security_groups.#": "1",
                            "security_groups.593098516": "sg-0c60f9590380e9647",
                            "source_security_group": "023091763082/wp_public_sg",
                            "source_security_group_id": "sg-0c60f9590380e9647",
                            "subnets.#": "2",
                            "subnets.4161730645": "subnet-01746b570a38e1bf6",
                            "subnets.795543009": "subnet-0c60f86ebae17c881",
                            "tags.%": "1",
                            "tags.Name": "wp_cloudsloud-elb",
                            "zone_id": "Z35SXDOTRQ7X7K"
                        },
                        "meta": {},
                        "tainted": false
                    },
                    "deposed": [],
                    "provider": "provider.aws"
                },
                "aws_iam_instance_profile.s3_access_profile": {
                    "type": "aws_iam_instance_profile",
                    "depends_on": [
                        "aws_iam_role.s3_access_role"
                    ],
                    "primary": {
                        "id": "s3_access",
                        "attributes": {
                            "arn": "arn:aws:iam::023091763082:instance-profile/s3_access",
                            "id": "s3_access",
                            "name": "s3_access",
                            "path": "/",
                            "role": "s3_access_role",
                            "roles.#": "1",
                            "roles.2044655173": "s3_access_role",
                            "unique_id": "AIPAQKYDAK6FIFZZP53YD"
                        },
                        "meta": {},
                        "tainted": false
                    },
                    "deposed": [],
                    "provider": "provider.aws"
                },
                "aws_iam_role.s3_access_role": {
                    "type": "aws_iam_role",
                    "depends_on": [],
                    "primary": {
                        "id": "s3_access_role",
                        "attributes": {
                            "arn": "arn:aws:iam::023091763082:role/s3_access_role",
                            "assume_role_policy": "{\"Version\":\"2012-10-17\",\"Statement\":[{\"Sid\":\"\",\"Effect\":\"Allow\",\"Principal\":{\"Service\":\"ec2.amazonaws.com\"},\"Action\":\"sts:AssumeRole\"}]}",
                            "create_date": "2019-09-08T23:31:56Z",
                            "force_detach_policies": "false",
                            "id": "s3_access_role",
                            "name": "s3_access_role",
                            "path": "/",
                            "unique_id": "AROAQKYDAK6FFNYD6WLKQ"
                        },
                        "meta": {},
                        "tainted": false
                    },
                    "deposed": [],
                    "provider": "provider.aws"
                },
                "aws_iam_role_policy.s3_access_policy": {
                    "type": "aws_iam_role_policy",
                    "depends_on": [
                        "aws_iam_role.s3_access_role"
                    ],
                    "primary": {
                        "id": "s3_access_role:s3_access_policy",
                        "attributes": {
                            "id": "s3_access_role:s3_access_policy",
                            "name": "s3_access_policy",
                            "policy": "{\n  \"Version\": \"2012-10-17\",\n  \"Statement\": [\n    {\n      \"Effect\": \"Allow\",\n      \"Action\": \"s3:*\",\n      \"Resource\": \"*\"\n   }  \n  ]\n}\n",
                            "role": "s3_access_role"
                        },
                        "meta": {},
                        "tainted": false
                    },
                    "deposed": [],
                    "provider": "provider.aws"
                },
                "aws_instance.wp_dev": {
                    "type": "aws_instance",
                    "depends_on": [
                        "aws_iam_instance_profile.s3_access_profile",
                        "aws_key_pair.wp_auth",
                        "aws_s3_bucket.code",
                        "aws_security_group.wp_dev_sg",
                        "aws_subnet.wp_public1_subnet"
                    ],
                    "primary": {
                        "id": "i-07f7301a1cc95eb61",
                        "attributes": {
                            "ami": "ami-b73b63a0",
                            "associate_public_ip_address": "true",
                            "availability_zone": "us-east-1a",
                            "disable_api_termination": "false",
                            "ebs_block_device.#": "0",
                            "ebs_optimized": "false",
                            "ephemeral_block_device.#": "0",
                            "get_password_data": "false",
                            "iam_instance_profile": "s3_access",
                            "id": "i-07f7301a1cc95eb61",
                            "instance_state": "running",
                            "instance_type": "t2.micro",
                            "ipv6_addresses.#": "0",
                            "key_name": "kryptonite",
                            "monitoring": "false",
                            "network_interface.#": "0",
                            "network_interface_id": "eni-058cede59a89297ea",
                            "password_data": "",
                            "placement_group": "",
                            "primary_network_interface_id": "eni-058cede59a89297ea",
                            "private_dns": "ip-10-0-1-137.ec2.internal",
                            "private_ip": "10.0.1.137",
                            "public_dns": "ec2-54-162-220-113.compute-1.amazonaws.com",
                            "public_ip": "54.162.220.113",
                            "root_block_device.#": "1",
                            "root_block_device.0.delete_on_termination": "true",
                            "root_block_device.0.iops": "100",
                            "root_block_device.0.volume_id": "vol-044724fb1d78e1d69",
                            "root_block_device.0.volume_size": "8",
                            "root_block_device.0.volume_type": "gp2",
                            "security_groups.#": "0",
                            "source_dest_check": "true",
                            "subnet_id": "subnet-0c60f86ebae17c881",
                            "tags.%": "1",
                            "tags.Name": "wp_dev",
                            "tenancy": "default",
                            "volume_tags.%": "0",
                            "vpc_security_group_ids.#": "1",
                            "vpc_security_group_ids.1195885512": "sg-0c2c5263d1808bfd4"
                        },
                        "meta": {
                            "e2bfb730-ecaa-11e6-8f88-34363bc7c4c0": {
                                "create": 600000000000,
                                "delete": 1200000000000,
                                "update": 600000000000
                            },
                            "schema_version": "1"
                        },
                        "tainted": false
                    },
                    "deposed": [],
                    "provider": "provider.aws"
                },
                "aws_internet_gateway.wp_internent_gateway": {
                    "type": "aws_internet_gateway",
                    "depends_on": [
                        "aws_vpc.wp_vpc"
                    ],
                    "primary": {
                        "id": "igw-0905129b598027d08",
                        "attributes": {
                            "id": "igw-0905129b598027d08",
                            "tags.%": "1",
                            "tags.Name": "wp_igw",
                            "vpc_id": "vpc-02d34eaf3042a672d"
                        },
                        "meta": {},
                        "tainted": false
                    },
                    "deposed": [],
                    "provider": "provider.aws"
                },
                "aws_key_pair.wp_auth": {
                    "type": "aws_key_pair",
                    "depends_on": [],
                    "primary": {
                        "id": "kryptonite",
                        "attributes": {
                            "fingerprint": "e7:a8:d7:f6:e4:41:63:96:72:69:87:21:22:6b:e7:bc",
                            "id": "kryptonite",
                            "key_name": "kryptonite",
                            "public_key": "ssh-rsa AAAAB3NzaC1yc2EAAAADAQABAAABAQDIYCDeD7Z1RvyNUNmwnhruIUaKQpbj7uz+FEdiUU/4wbglqb5un08kIGk9rmYXf6GK31Q0BkdSayeU1m/9oONKx3e/9jv2xMIw6/Ao/oEs45ICwKfs9s7NjC9Y564Cv3Nk6/F7dz35yy4KTwKF7dJ56r0hSEX1adcsg5dRw+1Zshc8GKzRhuZfBXYSmpPdKUPSFzCFm+PEDP3kVE6hvj065ZFF/O3BohwgxcnHDW3yTDr0bLEhMDEGrEnWWxTjEJB9eS2xrjaCCaOOHJk5+LPHNSqT6gZU9jJFGCgKoSukv8nhnn4lSInLKSQTh+TwYvRQlx+hBextcF6Vm7qhp0ph root@bhusanmexico1c.mylabserver.com"
                        },
                        "meta": {
                            "schema_version": "1"
                        },
                        "tainted": false
                    },
                    "deposed": [],
                    "provider": "provider.aws"
                },
                "aws_launch_configuration.wp_lc": {
                    "type": "aws_launch_configuration",
                    "depends_on": [
                        "aws_ami_from_instance.wp_golden",
                        "aws_iam_instance_profile.s3_access_profile",
                        "aws_key_pair.wp_auth",
                        "aws_security_group.wp_private_sg"
                    ],
                    "primary": {
                        "id": "wp_lc20190909003942703900000001",
                        "attributes": {
                            "associate_public_ip_address": "false",
                            "ebs_block_device.#": "0",
                            "ebs_optimized": "false",
                            "enable_monitoring": "true",
                            "ephemeral_block_device.#": "0",
                            "iam_instance_profile": "s3_access",
                            "id": "wp_lc20190909003942703900000001",
                            "image_id": "ami-0259ac6a2f6c4f6f4",
                            "instance_type": "t2.micro",
                            "key_name": "kryptonite",
                            "name": "wp_lc20190909003942703900000001",
                            "name_prefix": "wp_lc",
                            "root_block_device.#": "0",
                            "security_groups.#": "1",
                            "security_groups.525846653": "sg-08820c52a35adf52f",
                            "spot_price": "",
                            "user_data": "74bb7731e11369920afda4c40460117977c6db05",
                            "vpc_classic_link_id": "",
                            "vpc_classic_link_security_groups.#": "0"
                        },
                        "meta": {},
                        "tainted": false
                    },
                    "deposed": [],
                    "provider": "provider.aws"
                },
                "aws_route53_record.db": {
                    "type": "aws_route53_record",
                    "depends_on": [
                        "aws_db_instance.wp_db",
                        "aws_route53_zone.secondary"
                    ],
                    "primary": {
                        "id": "Z09242962B0WL1TOHN6BO_db.cloudsloud.com_CNAME",
                        "attributes": {
                            "allow_overwrite": "true",
                            "fqdn": "db.cloudsloud.com",
                            "health_check_id": "",
                            "id": "Z09242962B0WL1TOHN6BO_db.cloudsloud.com_CNAME",
                            "name": "db.cloudsloud.com",
                            "records.#": "1",
                            "records.2866701639": "terraform-20190908233159521400000001.caak0ggnmj9i.us-east-1.rds.amazonaws.com",
                            "set_identifier": "",
                            "ttl": "300",
                            "type": "CNAME",
                            "zone_id": "Z09242962B0WL1TOHN6BO"
                        },
                        "meta": {
                            "schema_version": "2"
                        },
                        "tainted": false
                    },
                    "deposed": [],
                    "provider": "provider.aws"
                },
                "aws_route53_record.dev": {
                    "type": "aws_route53_record",
                    "depends_on": [
                        "aws_instance.wp_dev",
                        "aws_route53_zone.primary"
                    ],
                    "primary": {
                        "id": "Z10F6AYUTINYSL_dev.cloudsloud.com_A",
                        "attributes": {
                            "allow_overwrite": "true",
                            "fqdn": "dev.cloudsloud.com",
                            "health_check_id": "",
                            "id": "Z10F6AYUTINYSL_dev.cloudsloud.com_A",
                            "name": "dev.cloudsloud.com",
                            "records.#": "1",
                            "records.1671084423": "54.162.220.113",
                            "set_identifier": "",
                            "ttl": "360",
                            "type": "A",
                            "zone_id": "Z10F6AYUTINYSL"
                        },
                        "meta": {
                            "schema_version": "2"
                        },
                        "tainted": false
                    },
                    "deposed": [],
                    "provider": "provider.aws"
                },
                "aws_route53_record.www": {
                    "type": "aws_route53_record",
                    "depends_on": [
                        "aws_elb.wp_elb",
                        "aws_route53_zone.primary"
                    ],
                    "primary": {
                        "id": "Z10F6AYUTINYSL_www.cloudsloud.com_A",
                        "attributes": {
                            "alias.#": "1",
                            "alias.927008904.evaluate_target_health": "false",
                            "alias.927008904.name": "cloudsloud-elb-1476891591.us-east-1.elb.amazonaws.com",
                            "alias.927008904.zone_id": "Z35SXDOTRQ7X7K",
                            "allow_overwrite": "true",
                            "fqdn": "www.cloudsloud.com",
                            "health_check_id": "",
                            "id": "Z10F6AYUTINYSL_www.cloudsloud.com_A",
                            "name": "www.cloudsloud.com",
                            "records.#": "0",
                            "set_identifier": "",
                            "ttl": "0",
                            "type": "A",
                            "zone_id": "Z10F6AYUTINYSL"
                        },
                        "meta": {
                            "schema_version": "2"
                        },
                        "tainted": false
                    },
                    "deposed": [],
                    "provider": "provider.aws"
                },
                "aws_route53_zone.primary": {
                    "type": "aws_route53_zone",
                    "depends_on": [],
                    "primary": {
                        "id": "Z10F6AYUTINYSL",
                        "attributes": {
                            "comment": "Managed by Terraform",
                            "delegation_set_id": "NUF3RMWPLK62Q",
                            "force_destroy": "false",
                            "id": "Z10F6AYUTINYSL",
                            "name": "cloudsloud.com",
                            "name_servers.#": "4",
                            "name_servers.0": "ns-1126.awsdns-12.org",
                            "name_servers.1": "ns-1697.awsdns-20.co.uk",
                            "name_servers.2": "ns-6.awsdns-00.com",
                            "name_servers.3": "ns-612.awsdns-12.net",
                            "tags.%": "0",
                            "zone_id": "Z10F6AYUTINYSL"
                        },
                        "meta": {},
                        "tainted": false
                    },
                    "deposed": [],
                    "provider": "provider.aws"
                },
                "aws_route53_zone.secondary": {
                    "type": "aws_route53_zone",
                    "depends_on": [
                        "aws_vpc.wp_vpc"
                    ],
                    "primary": {
                        "id": "Z09242962B0WL1TOHN6BO",
                        "attributes": {
                            "comment": "Managed by Terraform",
                            "force_destroy": "false",
                            "id": "Z09242962B0WL1TOHN6BO",
                            "name": "cloudsloud.com",
                            "name_servers.#": "4",
                            "name_servers.0": "ns-0.awsdns-00.com.",
                            "name_servers.1": "ns-1024.awsdns-00.org.",
                            "name_servers.2": "ns-1536.awsdns-00.co.uk.",
                            "name_servers.3": "ns-512.awsdns-00.net.",
                            "tags.%": "0",
                            "vpc_id": "vpc-02d34eaf3042a672d",
                            "vpc_region": "us-east-1",
                            "zone_id": "Z09242962B0WL1TOHN6BO"
                        },
                        "meta": {},
                        "tainted": false
                    },
                    "deposed": [],
                    "provider": "provider.aws"
                },
                "aws_route_table.wp_public_rt": {
                    "type": "aws_route_table",
                    "depends_on": [
                        "aws_internet_gateway.wp_internent_gateway",
                        "aws_vpc.wp_vpc"
                    ],
                    "primary": {
                        "id": "rtb-0697fe73f3c3a3f89",
                        "attributes": {
                            "id": "rtb-0697fe73f3c3a3f89",
                            "propagating_vgws.#": "0",
                            "route.#": "1",
                            "route.1615696756.cidr_block": "0.0.0.0/0",
                            "route.1615696756.egress_only_gateway_id": "",
                            "route.1615696756.gateway_id": "igw-0905129b598027d08",
                            "route.1615696756.instance_id": "",
                            "route.1615696756.ipv6_cidr_block": "",
                            "route.1615696756.nat_gateway_id": "",
                            "route.1615696756.network_interface_id": "",
                            "route.1615696756.vpc_peering_connection_id": "",
                            "tags.%": "1",
                            "tags.Name": "wp_public",
                            "vpc_id": "vpc-02d34eaf3042a672d"
                        },
                        "meta": {},
                        "tainted": false
                    },
                    "deposed": [],
                    "provider": "provider.aws"
                },
                "aws_route_table_association.wp_private1_assoc": {
                    "type": "aws_route_table_association",
                    "depends_on": [
                        "aws_default_route_table.wp_private_rt",
                        "aws_subnet.wp_private1_subnet"
                    ],
                    "primary": {
                        "id": "rtbassoc-08441a9ff871c3468",
                        "attributes": {
                            "id": "rtbassoc-08441a9ff871c3468",
                            "route_table_id": "rtb-04cd389c199533817",
                            "subnet_id": "subnet-0f4d77b81b390eaeb"
                        },
                        "meta": {},
                        "tainted": false
                    },
                    "deposed": [],
                    "provider": "provider.aws"
                },
                "aws_route_table_association.wp_private2_assoc": {
                    "type": "aws_route_table_association",
                    "depends_on": [
                        "aws_default_route_table.wp_private_rt",
                        "aws_subnet.wp_private2_subnet"
                    ],
                    "primary": {
                        "id": "rtbassoc-01708355b4aad81e5",
                        "attributes": {
                            "id": "rtbassoc-01708355b4aad81e5",
                            "route_table_id": "rtb-04cd389c199533817",
                            "subnet_id": "subnet-0ee4cb0b5772ffcde"
                        },
                        "meta": {},
                        "tainted": false
                    },
                    "deposed": [],
                    "provider": "provider.aws"
                },
                "aws_route_table_association.wp_pubilc1_assoc": {
                    "type": "aws_route_table_association",
                    "depends_on": [
                        "aws_route_table.wp_public_rt",
                        "aws_subnet.wp_public1_subnet"
                    ],
                    "primary": {
                        "id": "rtbassoc-05656cf7bd395532f",
                        "attributes": {
                            "id": "rtbassoc-05656cf7bd395532f",
                            "route_table_id": "rtb-0697fe73f3c3a3f89",
                            "subnet_id": "subnet-0c60f86ebae17c881"
                        },
                        "meta": {},
                        "tainted": false
                    },
                    "deposed": [],
                    "provider": "provider.aws"
                },
                "aws_route_table_association.wp_pubilc2_assoc": {
                    "type": "aws_route_table_association",
                    "depends_on": [
                        "aws_route_table.wp_public_rt",
                        "aws_subnet.wp_public2_subnet"
                    ],
                    "primary": {
                        "id": "rtbassoc-0bd3c4e1c067d3fe5",
                        "attributes": {
                            "id": "rtbassoc-0bd3c4e1c067d3fe5",
                            "route_table_id": "rtb-0697fe73f3c3a3f89",
                            "subnet_id": "subnet-01746b570a38e1bf6"
                        },
                        "meta": {},
                        "tainted": false
                    },
                    "deposed": [],
                    "provider": "provider.aws"
                },
                "aws_s3_bucket.code": {
                    "type": "aws_s3_bucket",
                    "depends_on": [
                        "random_id.wp_code_bucket"
                    ],
                    "primary": {
                        "id": "cloudsloud-39591",
                        "attributes": {
                            "acceleration_status": "",
                            "acl": "private",
                            "arn": "arn:aws:s3:::cloudsloud-39591",
                            "bucket": "cloudsloud-39591",
                            "bucket_domain_name": "cloudsloud-39591.s3.amazonaws.com",
                            "force_destroy": "true",
                            "hosted_zone_id": "Z3AQBSTGFYJSTF",
                            "id": "cloudsloud-39591",
                            "logging.#": "0",
                            "region": "us-east-1",
                            "replication_configuration.#": "0",
                            "request_payer": "BucketOwner",
                            "server_side_encryption_configuration.#": "0",
                            "tags.%": "1",
                            "tags.Name": "code bucket",
                            "versioning.#": "1",
                            "versioning.0.enabled": "false",
                            "versioning.0.mfa_delete": "false",
                            "website.#": "0"
                        },
                        "meta": {},
                        "tainted": false
                    },
                    "deposed": [],
                    "provider": "provider.aws"
                },
                "aws_security_group.wp_dev_sg": {
                    "type": "aws_security_group",
                    "depends_on": [
                        "aws_vpc.wp_vpc"
                    ],
                    "primary": {
                        "id": "sg-0c2c5263d1808bfd4",
                        "attributes": {
                            "arn": "arn:aws:ec2:us-east-1:023091763082:security-group/sg-0c2c5263d1808bfd4",
                            "description": "Used for access to the dev instance",
                            "egress.#": "1",
                            "egress.482069346.cidr_blocks.#": "1",
                            "egress.482069346.cidr_blocks.0": "0.0.0.0/0",
                            "egress.482069346.description": "",
                            "egress.482069346.from_port": "0",
                            "egress.482069346.ipv6_cidr_blocks.#": "0",
                            "egress.482069346.prefix_list_ids.#": "0",
                            "egress.482069346.protocol": "-1",
                            "egress.482069346.security_groups.#": "0",
                            "egress.482069346.self": "false",
                            "egress.482069346.to_port": "0",
                            "id": "sg-0c2c5263d1808bfd4",
                            "ingress.#": "2",
                            "ingress.2214680975.cidr_blocks.#": "1",
                            "ingress.2214680975.cidr_blocks.0": "0.0.0.0/0",
                            "ingress.2214680975.description": "",
                            "ingress.2214680975.from_port": "80",
                            "ingress.2214680975.ipv6_cidr_blocks.#": "0",
                            "ingress.2214680975.protocol": "tcp",
                            "ingress.2214680975.security_groups.#": "0",
                            "ingress.2214680975.self": "false",
                            "ingress.2214680975.to_port": "80",
                            "ingress.3215813968.cidr_blocks.#": "1",
                            "ingress.3215813968.cidr_blocks.0": "54.167.67.48/32",
                            "ingress.3215813968.description": "",
                            "ingress.3215813968.from_port": "22",
                            "ingress.3215813968.ipv6_cidr_blocks.#": "0",
                            "ingress.3215813968.protocol": "tcp",
                            "ingress.3215813968.security_groups.#": "0",
                            "ingress.3215813968.self": "false",
                            "ingress.3215813968.to_port": "22",
                            "name": "wp_dev_sg",
                            "owner_id": "023091763082",
                            "revoke_rules_on_delete": "false",
                            "tags.%": "0",
                            "vpc_id": "vpc-02d34eaf3042a672d"
                        },
                        "meta": {
                            "e2bfb730-ecaa-11e6-8f88-34363bc7c4c0": {
                                "create": 600000000000,
                                "delete": 600000000000
                            },
                            "schema_version": "1"
                        },
                        "tainted": false
                    },
                    "deposed": [],
                    "provider": "provider.aws"
                },
                "aws_security_group.wp_private_sg": {
                    "type": "aws_security_group",
                    "depends_on": [
                        "aws_vpc.wp_vpc"
                    ],
                    "primary": {
                        "id": "sg-08820c52a35adf52f",
                        "attributes": {
                            "arn": "arn:aws:ec2:us-east-1:023091763082:security-group/sg-08820c52a35adf52f",
                            "description": "Used for the elastic load balancer for private",
                            "egress.#": "1",
                            "egress.482069346.cidr_blocks.#": "1",
                            "egress.482069346.cidr_blocks.0": "0.0.0.0/0",
                            "egress.482069346.description": "",
                            "egress.482069346.from_port": "0",
                            "egress.482069346.ipv6_cidr_blocks.#": "0",
                            "egress.482069346.prefix_list_ids.#": "0",
                            "egress.482069346.protocol": "-1",
                            "egress.482069346.security_groups.#": "0",
                            "egress.482069346.self": "false",
                            "egress.482069346.to_port": "0",
                            "id": "sg-08820c52a35adf52f",
                            "ingress.#": "1",
                            "ingress.1485902453.cidr_blocks.#": "1",
                            "ingress.1485902453.cidr_blocks.0": "10.0.0.0/16",
                            "ingress.1485902453.description": "",
                            "ingress.1485902453.from_port": "0",
                            "ingress.1485902453.ipv6_cidr_blocks.#": "0",
                            "ingress.1485902453.protocol": "tcp",
                            "ingress.1485902453.security_groups.#": "0",
                            "ingress.1485902453.self": "false",
                            "ingress.1485902453.to_port": "0",
                            "name": "wp_private_sg",
                            "owner_id": "023091763082",
                            "revoke_rules_on_delete": "false",
                            "tags.%": "0",
                            "vpc_id": "vpc-02d34eaf3042a672d"
                        },
                        "meta": {
                            "e2bfb730-ecaa-11e6-8f88-34363bc7c4c0": {
                                "create": 600000000000,
                                "delete": 600000000000
                            },
                            "schema_version": "1"
                        },
                        "tainted": false
                    },
                    "deposed": [],
                    "provider": "provider.aws"
                },
                "aws_security_group.wp_public_sg": {
                    "type": "aws_security_group",
                    "depends_on": [
                        "aws_vpc.wp_vpc"
                    ],
                    "primary": {
                        "id": "sg-0c60f9590380e9647",
                        "attributes": {
                            "arn": "arn:aws:ec2:us-east-1:023091763082:security-group/sg-0c60f9590380e9647",
                            "description": "Used for the elastic load balancer for public access",
                            "egress.#": "1",
                            "egress.482069346.cidr_blocks.#": "1",
                            "egress.482069346.cidr_blocks.0": "0.0.0.0/0",
                            "egress.482069346.description": "",
                            "egress.482069346.from_port": "0",
                            "egress.482069346.ipv6_cidr_blocks.#": "0",
                            "egress.482069346.prefix_list_ids.#": "0",
                            "egress.482069346.protocol": "-1",
                            "egress.482069346.security_groups.#": "0",
                            "egress.482069346.self": "false",
                            "egress.482069346.to_port": "0",
                            "id": "sg-0c60f9590380e9647",
                            "ingress.#": "1",
                            "ingress.2214680975.cidr_blocks.#": "1",
                            "ingress.2214680975.cidr_blocks.0": "0.0.0.0/0",
                            "ingress.2214680975.description": "",
                            "ingress.2214680975.from_port": "80",
                            "ingress.2214680975.ipv6_cidr_blocks.#": "0",
                            "ingress.2214680975.protocol": "tcp",
                            "ingress.2214680975.security_groups.#": "0",
                            "ingress.2214680975.self": "false",
                            "ingress.2214680975.to_port": "80",
                            "name": "wp_public_sg",
                            "owner_id": "023091763082",
                            "revoke_rules_on_delete": "false",
                            "tags.%": "0",
                            "vpc_id": "vpc-02d34eaf3042a672d"
                        },
                        "meta": {
                            "e2bfb730-ecaa-11e6-8f88-34363bc7c4c0": {
                                "create": 600000000000,
                                "delete": 600000000000
                            },
                            "schema_version": "1"
                        },
                        "tainted": false
                    },
                    "deposed": [],
                    "provider": "provider.aws"
                },
                "aws_security_group.wp_rds_sg": {
                    "type": "aws_security_group",
                    "depends_on": [
                        "aws_security_group.wp_dev_sg",
                        "aws_security_group.wp_private_sg",
                        "aws_security_group.wp_public_sg",
                        "aws_vpc.wp_vpc"
                    ],
                    "primary": {
                        "id": "sg-0b807820a1e4dde8a",
                        "attributes": {
                            "arn": "arn:aws:ec2:us-east-1:023091763082:security-group/sg-0b807820a1e4dde8a",
                            "description": " Used for RDS instances",
                            "egress.#": "0",
                            "id": "sg-0b807820a1e4dde8a",
                            "ingress.#": "1",
                            "ingress.2019085814.cidr_blocks.#": "0",
                            "ingress.2019085814.description": "",
                            "ingress.2019085814.from_port": "3306",
                            "ingress.2019085814.ipv6_cidr_blocks.#": "0",
                            "ingress.2019085814.protocol": "tcp",
                            "ingress.2019085814.security_groups.#": "3",
                            "ingress.2019085814.security_groups.1195885512": "sg-0c2c5263d1808bfd4",
                            "ingress.2019085814.security_groups.525846653": "sg-08820c52a35adf52f",
                            "ingress.2019085814.security_groups.593098516": "sg-0c60f9590380e9647",
                            "ingress.2019085814.self": "false",
                            "ingress.2019085814.to_port": "3306",
                            "name": "wp_rds_sg",
                            "owner_id": "023091763082",
                            "revoke_rules_on_delete": "false",
                            "tags.%": "0",
                            "vpc_id": "vpc-02d34eaf3042a672d"
                        },
                        "meta": {
                            "e2bfb730-ecaa-11e6-8f88-34363bc7c4c0": {
                                "create": 600000000000,
                                "delete": 600000000000
                            },
                            "schema_version": "1"
                        },
                        "tainted": false
                    },
                    "deposed": [],
                    "provider": "provider.aws"
                },
                "aws_subnet.wp_private1_subnet": {
                    "type": "aws_subnet",
                    "depends_on": [
                        "aws_vpc.wp_vpc",
                        "data.aws_availability_zones.available"
                    ],
                    "primary": {
                        "id": "subnet-0f4d77b81b390eaeb",
                        "attributes": {
                            "assign_ipv6_address_on_creation": "false",
                            "availability_zone": "us-east-1a",
                            "cidr_block": "10.0.3.0/24",
                            "id": "subnet-0f4d77b81b390eaeb",
                            "map_public_ip_on_launch": "false",
                            "tags.%": "1",
                            "tags.Names": "wp_private1",
                            "vpc_id": "vpc-02d34eaf3042a672d"
                        },
                        "meta": {
                            "schema_version": "1"
                        },
                        "tainted": false
                    },
                    "deposed": [],
                    "provider": "provider.aws"
                },
                "aws_subnet.wp_private2_subnet": {
                    "type": "aws_subnet",
                    "depends_on": [
                        "aws_vpc.wp_vpc",
                        "data.aws_availability_zones.available"
                    ],
                    "primary": {
                        "id": "subnet-0ee4cb0b5772ffcde",
                        "attributes": {
                            "assign_ipv6_address_on_creation": "false",
                            "availability_zone": "us-east-1b",
                            "cidr_block": "10.0.4.0/24",
                            "id": "subnet-0ee4cb0b5772ffcde",
                            "map_public_ip_on_launch": "false",
                            "tags.%": "1",
                            "tags.Names": "wp_private2",
                            "vpc_id": "vpc-02d34eaf3042a672d"
                        },
                        "meta": {
                            "schema_version": "1"
                        },
                        "tainted": false
                    },
                    "deposed": [],
                    "provider": "provider.aws"
                },
                "aws_subnet.wp_public1_subnet": {
                    "type": "aws_subnet",
                    "depends_on": [
                        "aws_vpc.wp_vpc",
                        "data.aws_availability_zones.available"
                    ],
                    "primary": {
                        "id": "subnet-0c60f86ebae17c881",
                        "attributes": {
                            "assign_ipv6_address_on_creation": "false",
                            "availability_zone": "us-east-1a",
                            "cidr_block": "10.0.1.0/24",
                            "id": "subnet-0c60f86ebae17c881",
                            "map_public_ip_on_launch": "true",
                            "tags.%": "1",
                            "tags.Name": "wp_public1",
                            "vpc_id": "vpc-02d34eaf3042a672d"
                        },
                        "meta": {
                            "schema_version": "1"
                        },
                        "tainted": false
                    },
                    "deposed": [],
                    "provider": "provider.aws"
                },
                "aws_subnet.wp_public2_subnet": {
                    "type": "aws_subnet",
                    "depends_on": [
                        "aws_vpc.wp_vpc",
                        "data.aws_availability_zones.available"
                    ],
                    "primary": {
                        "id": "subnet-01746b570a38e1bf6",
                        "attributes": {
                            "assign_ipv6_address_on_creation": "false",
                            "availability_zone": "us-east-1b",
                            "cidr_block": "10.0.2.0/24",
                            "id": "subnet-01746b570a38e1bf6",
                            "map_public_ip_on_launch": "true",
                            "tags.%": "1",
                            "tags.Name": "wp_public2",
                            "vpc_id": "vpc-02d34eaf3042a672d"
                        },
                        "meta": {
                            "schema_version": "1"
                        },
                        "tainted": false
                    },
                    "deposed": [],
                    "provider": "provider.aws"
                },
                "aws_subnet.wp_rds1_subnet": {
                    "type": "aws_subnet",
                    "depends_on": [
                        "aws_vpc.wp_vpc",
                        "data.aws_availability_zones.available"
                    ],
                    "primary": {
                        "id": "subnet-010c4690d4baabdaf",
                        "attributes": {
                            "assign_ipv6_address_on_creation": "false",
                            "availability_zone": "us-east-1a",
                            "cidr_block": "10.0.5.0/24",
                            "id": "subnet-010c4690d4baabdaf",
                            "map_public_ip_on_launch": "false",
                            "tags.%": "1",
                            "tags.Names": "wp_rds1",
                            "vpc_id": "vpc-02d34eaf3042a672d"
                        },
                        "meta": {
                            "schema_version": "1"
                        },
                        "tainted": false
                    },
                    "deposed": [],
                    "provider": "provider.aws"
                },
                "aws_subnet.wp_rds2_subnet": {
                    "type": "aws_subnet",
                    "depends_on": [
                        "aws_vpc.wp_vpc",
                        "data.aws_availability_zones.available"
                    ],
                    "primary": {
                        "id": "subnet-04562ac273b981390",
                        "attributes": {
                            "assign_ipv6_address_on_creation": "false",
                            "availability_zone": "us-east-1b",
                            "cidr_block": "10.0.6.0/24",
                            "id": "subnet-04562ac273b981390",
                            "map_public_ip_on_launch": "false",
                            "tags.%": "1",
                            "tags.Names": "wp_rds2",
                            "vpc_id": "vpc-02d34eaf3042a672d"
                        },
                        "meta": {
                            "schema_version": "1"
                        },
                        "tainted": false
                    },
                    "deposed": [],
                    "provider": "provider.aws"
                },
                "aws_subnet.wp_rds3_subnet": {
                    "type": "aws_subnet",
                    "depends_on": [
                        "aws_vpc.wp_vpc",
                        "data.aws_availability_zones.available"
                    ],
                    "primary": {
                        "id": "subnet-0d4a3b1ecfbff1491",
                        "attributes": {
                            "assign_ipv6_address_on_creation": "false",
                            "availability_zone": "us-east-1c",
                            "cidr_block": "10.0.7.0/24",
                            "id": "subnet-0d4a3b1ecfbff1491",
                            "map_public_ip_on_launch": "false",
                            "tags.%": "1",
                            "tags.Names": "wp_rds3",
                            "vpc_id": "vpc-02d34eaf3042a672d"
                        },
                        "meta": {
                            "schema_version": "1"
                        },
                        "tainted": false
                    },
                    "deposed": [],
                    "provider": "provider.aws"
                },
                "aws_vpc.wp_vpc": {
                    "type": "aws_vpc",
                    "depends_on": [],
                    "primary": {
                        "id": "vpc-02d34eaf3042a672d",
                        "attributes": {
                            "assign_generated_ipv6_cidr_block": "false",
                            "cidr_block": "10.0.0.0/16",
                            "default_network_acl_id": "acl-0479f2a0ec22c87c3",
                            "default_route_table_id": "rtb-04cd389c199533817",
                            "default_security_group_id": "sg-0dfb09059e3aa00d7",
                            "dhcp_options_id": "dopt-55e8a52e",
                            "enable_classiclink": "false",
                            "enable_classiclink_dns_support": "false",
                            "enable_dns_hostnames": "true",
                            "enable_dns_support": "true",
                            "id": "vpc-02d34eaf3042a672d",
                            "instance_tenancy": "default",
                            "main_route_table_id": "rtb-04cd389c199533817",
                            "tags.%": "1",
                            "tags.Name": "wp_vpc"
                        },
                        "meta": {
                            "schema_version": "1"
                        },
                        "tainted": false
                    },
                    "deposed": [],
                    "provider": "provider.aws"
                },
                "aws_vpc_endpoint.wp_private-s3_endpoint": {
                    "type": "aws_vpc_endpoint",
                    "depends_on": [
                        "aws_route_table.wp_public_rt",
                        "aws_vpc.wp_vpc"
                    ],
                    "primary": {
                        "id": "vpce-02859652cd7d52f7e",
                        "attributes": {
                            "cidr_blocks.#": "2",
                            "cidr_blocks.0": "54.231.0.0/17",
                            "cidr_blocks.1": "52.216.0.0/15",
                            "dns_entry.#": "0",
                            "id": "vpce-02859652cd7d52f7e",
                            "network_interface_ids.#": "0",
                            "policy": "{\"Statement\":[{\"Action\":\"*\",\"Effect\":\"Allow\",\"Principal\":\"*\",\"Resource\":\"*\"}],\"Version\":\"2008-10-17\"}",
                            "prefix_list_id": "pl-63a5400a",
                            "private_dns_enabled": "false",
                            "route_table_ids.#": "2",
                            "route_table_ids.1014762026": "rtb-04cd389c199533817",
                            "route_table_ids.2427930153": "rtb-0697fe73f3c3a3f89",
                            "security_group_ids.#": "0",
                            "service_name": "com.amazonaws.us-east-1.s3",
                            "state": "available",
                            "subnet_ids.#": "0",
                            "vpc_endpoint_type": "Gateway",
                            "vpc_id": "vpc-02d34eaf3042a672d"
                        },
                        "meta": {},
                        "tainted": false
                    },
                    "deposed": [],
                    "provider": "provider.aws"
                },
                "data.aws_availability_zones.available": {
                    "type": "aws_availability_zones",
                    "depends_on": [],
                    "primary": {
                        "id": "2019-09-09 00:33:09.726219862 +0000 UTC",
                        "attributes": {
                            "id": "2019-09-09 00:33:09.726219862 +0000 UTC",
                            "names.#": "6",
                            "names.0": "us-east-1a",
                            "names.1": "us-east-1b",
                            "names.2": "us-east-1c",
                            "names.3": "us-east-1d",
                            "names.4": "us-east-1e",
                            "names.5": "us-east-1f"
                        },
                        "meta": {},
                        "tainted": false
                    },
                    "deposed": [],
                    "provider": "provider.aws"
                },
                "random_id.golden_ami": {
                    "type": "random_id",
                    "depends_on": [],
                    "primary": {
                        "id": "kGGH",
                        "attributes": {
                            "b64": "kGGH",
                            "b64_std": "kGGH",
                            "b64_url": "kGGH",
                            "byte_length": "3",
                            "dec": "9462151",
                            "hex": "906187",
                            "id": "kGGH"
                        },
                        "meta": {},
                        "tainted": false
                    },
                    "deposed": [],
                    "provider": "provider.random"
                },
                "random_id.wp_code_bucket": {
                    "type": "random_id",
                    "depends_on": [],
                    "primary": {
                        "id": "mqc",
                        "attributes": {
                            "b64": "mqc",
                            "b64_std": "mqc=",
                            "b64_url": "mqc",
                            "byte_length": "2",
                            "dec": "39591",
                            "hex": "9aa7",
                            "id": "mqc"
                        },
                        "meta": {},
                        "tainted": false
                    },
                    "deposed": [],
                    "provider": "provider.random"
                }
            },
            "depends_on": []
        }
    ]
}
